# THIS IS AN AUTOGENERATED FILE. DO NOT EDIT THIS FILE DIRECTLY.
# yarn lockfile v1


"@incmix/ts.runtime@latest":
  version "1.0.4"
  resolved "https://registry.yarnpkg.com/@incmix/ts.runtime/-/ts.runtime-1.0.4.tgz#c038bd99f9c03a33f221b867ae1640474fc294fe"
  integrity sha512-npoxcymn1y0wVAUTDRQnX3LQgqr3z3XSiGc4NXbgy4UFPOYzP2kOfjxLk6F3Yv8Y58sH+sLO5C19Du0iwI2IJw==
  dependencies:
    commander "^9.2.0"
    typescript "^4.6.3"

commander@^9.2.0:
  version "9.2.0"
  resolved "https://registry.yarnpkg.com/commander/-/commander-9.2.0.tgz#6e21014b2ed90d8b7c9647230d8b7a94a4a419a9"
  integrity sha512-e2i4wANQiSXgnrBlIatyHtP1odfUp0BbV5Y5nEGbxtIrStkEOAAzCUirvLBNXHLr7kwLvJl6V+4V3XV9x7Wd9w==

typescript@^4.6.3:
  version "4.6.4"
  resolved "https://registry.yarnpkg.com/typescript/-/typescript-4.6.4.tgz#caa78bbc3a59e6a5c510d35703f6a09877ce45e9"
  integrity sha512-9ia/jWHIEbo49HfjrLGfKbZSuWo9iTMwXO+Ca3pRsSpbsMbc7/IU8NKdCZVRRBafVPGnoJeFL76ZOAA84I9fEg==
